
Microsoft Visual Studio Solution File, Format Version 12.00
# Visual Studio Version 17
VisualStudioVersion = 17.10.35013.160
MinimumVisualStudioVersion = 10.0.40219.1
Project("{9A19103F-16F7-4668-BE54-9A1E7A4F7556}") = "SimpleWS-Server", "SimpleWS-Server\SimpleWS-Server.csproj", "{0C7D1928-15AD-4169-9778-71A567DE1AD8}"
EndProject
Project("{9A19103F-16F7-4668-BE54-9A1E7A4F7556}") = "SimpleWS-Client", "SimpleWS-Client\SimpleWS-Client.csproj", "{287B07C2-0708-4003-BF00-574893269101}"
EndProject
Project("{9A19103F-16F7-4668-BE54-9A1E7A4F7556}") = "ClientWorkerService", "ClientWorkerService\ClientWorkerService.csproj", "{BDC44A55-47B1-4F58-A293-DD4BB206EC67}"
EndProject
Project("{B7DD6F7E-DEF8-4E67-B5B7-07EF123DB6F0}") = "ClientInstaller", "ClientInstaller\ClientInstaller.wixproj", "{FD5ABE1B-01EB-4629-9114-8C2D4279654D}"
EndProject
Global
	GlobalSection(SolutionConfigurationPlatforms) = preSolution
		Debug|Any CPU = Debug|Any CPU
		Debug|ARM64 = Debug|ARM64
		Debug|x64 = Debug|x64
		Debug|x86 = Debug|x86
		Release|Any CPU = Release|Any CPU
		Release|ARM64 = Release|ARM64
		Release|x64 = Release|x64
		Release|x86 = Release|x86
	EndGlobalSection
	GlobalSection(ProjectConfigurationPlatforms) = postSolution
		{0C7D1928-15AD-4169-9778-71A567DE1AD8}.Debug|Any CPU.ActiveCfg = Debug|Any CPU
		{0C7D1928-15AD-4169-9778-71A567DE1AD8}.Debug|Any CPU.Build.0 = Debug|Any CPU
		{0C7D1928-15AD-4169-9778-71A567DE1AD8}.Debug|ARM64.ActiveCfg = Debug|Any CPU
		{0C7D1928-15AD-4169-9778-71A567DE1AD8}.Debug|ARM64.Build.0 = Debug|Any CPU
		{0C7D1928-15AD-4169-9778-71A567DE1AD8}.Debug|x64.ActiveCfg = Debug|Any CPU
		{0C7D1928-15AD-4169-9778-71A567DE1AD8}.Debug|x64.Build.0 = Debug|Any CPU
		{0C7D1928-15AD-4169-9778-71A567DE1AD8}.Debug|x86.ActiveCfg = Debug|Any CPU
		{0C7D1928-15AD-4169-9778-71A567DE1AD8}.Debug|x86.Build.0 = Debug|Any CPU
		{0C7D1928-15AD-4169-9778-71A567DE1AD8}.Release|Any CPU.ActiveCfg = Release|Any CPU
		{0C7D1928-15AD-4169-9778-71A567DE1AD8}.Release|Any CPU.Build.0 = Release|Any CPU
		{0C7D1928-15AD-4169-9778-71A567DE1AD8}.Release|ARM64.ActiveCfg = Release|Any CPU
		{0C7D1928-15AD-4169-9778-71A567DE1AD8}.Release|ARM64.Build.0 = Release|Any CPU
		{0C7D1928-15AD-4169-9778-71A567DE1AD8}.Release|x64.ActiveCfg = Release|Any CPU
		{0C7D1928-15AD-4169-9778-71A567DE1AD8}.Release|x64.Build.0 = Release|Any CPU
		{0C7D1928-15AD-4169-9778-71A567DE1AD8}.Release|x86.ActiveCfg = Release|Any CPU
		{0C7D1928-15AD-4169-9778-71A567DE1AD8}.Release|x86.Build.0 = Release|Any CPU
		{287B07C2-0708-4003-BF00-574893269101}.Debug|Any CPU.ActiveCfg = Debug|Any CPU
		{287B07C2-0708-4003-BF00-574893269101}.Debug|Any CPU.Build.0 = Debug|Any CPU
		{287B07C2-0708-4003-BF00-574893269101}.Debug|ARM64.ActiveCfg = Debug|Any CPU
		{287B07C2-0708-4003-BF00-574893269101}.Debug|ARM64.Build.0 = Debug|Any CPU
		{287B07C2-0708-4003-BF00-574893269101}.Debug|x64.ActiveCfg = Debug|Any CPU
		{287B07C2-0708-4003-BF00-574893269101}.Debug|x64.Build.0 = Debug|Any CPU
		{287B07C2-0708-4003-BF00-574893269101}.Debug|x86.ActiveCfg = Debug|Any CPU
		{287B07C2-0708-4003-BF00-574893269101}.Debug|x86.Build.0 = Debug|Any CPU
		{287B07C2-0708-4003-BF00-574893269101}.Release|Any CPU.ActiveCfg = Release|Any CPU
		{287B07C2-0708-4003-BF00-574893269101}.Release|Any CPU.Build.0 = Release|Any CPU
		{287B07C2-0708-4003-BF00-574893269101}.Release|ARM64.ActiveCfg = Release|Any CPU
		{287B07C2-0708-4003-BF00-574893269101}.Release|ARM64.Build.0 = Release|Any CPU
		{287B07C2-0708-4003-BF00-574893269101}.Release|x64.ActiveCfg = Release|Any CPU
		{287B07C2-0708-4003-BF00-574893269101}.Release|x64.Build.0 = Release|Any CPU
		{287B07C2-0708-4003-BF00-574893269101}.Release|x86.ActiveCfg = Release|Any CPU
		{287B07C2-0708-4003-BF00-574893269101}.Release|x86.Build.0 = Release|Any CPU
		{BDC44A55-47B1-4F58-A293-DD4BB206EC67}.Debug|Any CPU.ActiveCfg = Debug|Any CPU
		{BDC44A55-47B1-4F58-A293-DD4BB206EC67}.Debug|Any CPU.Build.0 = Debug|Any CPU
		{BDC44A55-47B1-4F58-A293-DD4BB206EC67}.Debug|ARM64.ActiveCfg = Debug|Any CPU
		{BDC44A55-47B1-4F58-A293-DD4BB206EC67}.Debug|ARM64.Build.0 = Debug|Any CPU
		{BDC44A55-47B1-4F58-A293-DD4BB206EC67}.Debug|x64.ActiveCfg = Debug|Any CPU
		{BDC44A55-47B1-4F58-A293-DD4BB206EC67}.Debug|x64.Build.0 = Debug|Any CPU
		{BDC44A55-47B1-4F58-A293-DD4BB206EC67}.Debug|x86.ActiveCfg = Debug|Any CPU
		{BDC44A55-47B1-4F58-A293-DD4BB206EC67}.Debug|x86.Build.0 = Debug|Any CPU
		{BDC44A55-47B1-4F58-A293-DD4BB206EC67}.Release|Any CPU.ActiveCfg = Release|Any CPU
		{BDC44A55-47B1-4F58-A293-DD4BB206EC67}.Release|Any CPU.Build.0 = Release|Any CPU
		{BDC44A55-47B1-4F58-A293-DD4BB206EC67}.Release|ARM64.ActiveCfg = Release|Any CPU
		{BDC44A55-47B1-4F58-A293-DD4BB206EC67}.Release|ARM64.Build.0 = Release|Any CPU
		{BDC44A55-47B1-4F58-A293-DD4BB206EC67}.Release|x64.ActiveCfg = Release|Any CPU
		{BDC44A55-47B1-4F58-A293-DD4BB206EC67}.Release|x64.Build.0 = Release|Any CPU
		{BDC44A55-47B1-4F58-A293-DD4BB206EC67}.Release|x86.ActiveCfg = Release|Any CPU
		{BDC44A55-47B1-4F58-A293-DD4BB206EC67}.Release|x86.Build.0 = Release|Any CPU
		{FD5ABE1B-01EB-4629-9114-8C2D4279654D}.Debug|Any CPU.ActiveCfg = Debug|x64
		{FD5ABE1B-01EB-4629-9114-8C2D4279654D}.Debug|Any CPU.Build.0 = Debug|x64
		{FD5ABE1B-01EB-4629-9114-8C2D4279654D}.Debug|ARM64.ActiveCfg = Debug|ARM64
		{FD5ABE1B-01EB-4629-9114-8C2D4279654D}.Debug|ARM64.Build.0 = Debug|ARM64
		{FD5ABE1B-01EB-4629-9114-8C2D4279654D}.Debug|x64.ActiveCfg = Debug|x64
		{FD5ABE1B-01EB-4629-9114-8C2D4279654D}.Debug|x64.Build.0 = Debug|x64
		{FD5ABE1B-01EB-4629-9114-8C2D4279654D}.Debug|x86.ActiveCfg = Debug|x86
		{FD5ABE1B-01EB-4629-9114-8C2D4279654D}.Debug|x86.Build.0 = Debug|x86
		{FD5ABE1B-01EB-4629-9114-8C2D4279654D}.Release|Any CPU.ActiveCfg = Release|x64
		{FD5ABE1B-01EB-4629-9114-8C2D4279654D}.Release|Any CPU.Build.0 = Release|x64
		{FD5ABE1B-01EB-4629-9114-8C2D4279654D}.Release|ARM64.ActiveCfg = Release|ARM64
		{FD5ABE1B-01EB-4629-9114-8C2D4279654D}.Release|ARM64.Build.0 = Release|ARM64
		{FD5ABE1B-01EB-4629-9114-8C2D4279654D}.Release|x64.ActiveCfg = Release|x64
		{FD5ABE1B-01EB-4629-9114-8C2D4279654D}.Release|x64.Build.0 = Release|x64
		{FD5ABE1B-01EB-4629-9114-8C2D4279654D}.Release|x86.ActiveCfg = Release|x86
		{FD5ABE1B-01EB-4629-9114-8C2D4279654D}.Release|x86.Build.0 = Release|x86
	EndGlobalSection
	GlobalSection(SolutionProperties) = preSolution
		HideSolutionNode = FALSE
	EndGlobalSection
	GlobalSection(ExtensibilityGlobals) = postSolution
		SolutionGuid = {3EB3E1F7-2B71-49C4-B951-4EC0C010AD83}
	EndGlobalSection
EndGlobal
